// !$*UTF8*$!
{
	archiveVersion = 1;
	classes = {
	};
	objectVersion = 50;
	objects = {

/* Begin PBXBuildFile section */
		687EE6AB20D8D3AE00062CA7 /* AppDelegate.m in Sources */ = {isa = PBXBuildFile; fileRef = 687EE6AA20D8D3AE00062CA7 /* AppDelegate.m */; };
		687EE6AE20D8D3AE00062CA7 /* ViewController.m in Sources */ = {isa = PBXBuildFile; fileRef = 687EE6AD20D8D3AE00062CA7 /* ViewController.m */; };
		687EE6B120D8D3AE00062CA7 /* Main.storyboard in Resources */ = {isa = PBXBuildFile; fileRef = 687EE6AF20D8D3AE00062CA7 /* Main.storyboard */; };
		687EE6B320D8D3AF00062CA7 /* Assets.xcassets in Resources */ = {isa = PBXBuildFile; fileRef = 687EE6B220D8D3AF00062CA7 /* Assets.xcassets */; };
		687EE6B620D8D3AF00062CA7 /* LaunchScreen.storyboard in Resources */ = {isa = PBXBuildFile; fileRef = 687EE6B420D8D3AF00062CA7 /* LaunchScreen.storyboard */; };
		687EE6B920D8D3AF00062CA7 /* main.m in Sources */ = {isa = PBXBuildFile; fileRef = 687EE6B820D8D3AF00062CA7 /* main.m */; };
		687EE6C120D8D4EF00062CA7 /* PBTableViewDelegate.m in Sources */ = {isa = PBXBuildFile; fileRef = 687EE6C020D8D4EF00062CA7 /* PBTableViewDelegate.m */; };
		687EE6C420D8D73200062CA7 /* PBMyTableViewCell.m in Sources */ = {isa = PBXBuildFile; fileRef = 687EE6C320D8D73200062CA7 /* PBMyTableViewCell.m */; };
		687EE6F420D8D84700062CA7 /* UIScrollView+MJRefresh.m in Sources */ = {isa = PBXBuildFile; fileRef = 687EE6C620D8D84700062CA7 /* UIScrollView+MJRefresh.m */; };
		687EE6F520D8D84700062CA7 /* MJRefreshConst.m in Sources */ = {isa = PBXBuildFile; fileRef = 687EE6C720D8D84700062CA7 /* MJRefreshConst.m */; };
		687EE6F620D8D84700062CA7 /* MJRefresh.bundle in Resources */ = {isa = PBXBuildFile; fileRef = 687EE6CB20D8D84700062CA7 /* MJRefresh.bundle */; };
		687EE6F720D8D84700062CA7 /* UIScrollView+MJExtension.m in Sources */ = {isa = PBXBuildFile; fileRef = 687EE6CD20D8D84700062CA7 /* UIScrollView+MJExtension.m */; };
		687EE6F820D8D84700062CA7 /* NSBundle+MJRefresh.m in Sources */ = {isa = PBXBuildFile; fileRef = 687EE6D020D8D84700062CA7 /* NSBundle+MJRefresh.m */; };
		687EE6F920D8D84700062CA7 /* UIView+MJExtension.m in Sources */ = {isa = PBXBuildFile; fileRef = 687EE6D120D8D84700062CA7 /* UIView+MJExtension.m */; };
		687EE6FA20D8D84700062CA7 /* MJRefreshBackGifFooter.m in Sources */ = {isa = PBXBuildFile; fileRef = 687EE6D820D8D84700062CA7 /* MJRefreshBackGifFooter.m */; };
		687EE6FB20D8D84700062CA7 /* MJRefreshBackStateFooter.m in Sources */ = {isa = PBXBuildFile; fileRef = 687EE6D920D8D84700062CA7 /* MJRefreshBackStateFooter.m */; };
		687EE6FC20D8D84700062CA7 /* MJRefreshBackNormalFooter.m in Sources */ = {isa = PBXBuildFile; fileRef = 687EE6DA20D8D84700062CA7 /* MJRefreshBackNormalFooter.m */; };
		687EE6FD20D8D84700062CA7 /* MJRefreshAutoStateFooter.m in Sources */ = {isa = PBXBuildFile; fileRef = 687EE6DF20D8D84700062CA7 /* MJRefreshAutoStateFooter.m */; };
		687EE6FE20D8D84700062CA7 /* MJRefreshAutoGifFooter.m in Sources */ = {isa = PBXBuildFile; fileRef = 687EE6E020D8D84700062CA7 /* MJRefreshAutoGifFooter.m */; };
		687EE6FF20D8D84700062CA7 /* MJRefreshAutoNormalFooter.m in Sources */ = {isa = PBXBuildFile; fileRef = 687EE6E120D8D84700062CA7 /* MJRefreshAutoNormalFooter.m */; };
		687EE70020D8D84700062CA7 /* MJRefreshNormalHeader.m in Sources */ = {isa = PBXBuildFile; fileRef = 687EE6E320D8D84700062CA7 /* MJRefreshNormalHeader.m */; };
		687EE70120D8D84700062CA7 /* MJRefreshStateHeader.m in Sources */ = {isa = PBXBuildFile; fileRef = 687EE6E720D8D84700062CA7 /* MJRefreshStateHeader.m */; };
		687EE70220D8D84700062CA7 /* MJRefreshGifHeader.m in Sources */ = {isa = PBXBuildFile; fileRef = 687EE6E820D8D84700062CA7 /* MJRefreshGifHeader.m */; };
		687EE70320D8D84700062CA7 /* MJRefreshFooter.m in Sources */ = {isa = PBXBuildFile; fileRef = 687EE6EA20D8D84700062CA7 /* MJRefreshFooter.m */; };
		687EE70420D8D84700062CA7 /* MJRefreshHeader.m in Sources */ = {isa = PBXBuildFile; fileRef = 687EE6EC20D8D84700062CA7 /* MJRefreshHeader.m */; };
		687EE70520D8D84700062CA7 /* MJRefreshBackFooter.m in Sources */ = {isa = PBXBuildFile; fileRef = 687EE6EE20D8D84700062CA7 /* MJRefreshBackFooter.m */; };
		687EE70620D8D84700062CA7 /* MJRefreshAutoFooter.m in Sources */ = {isa = PBXBuildFile; fileRef = 687EE6EF20D8D84700062CA7 /* MJRefreshAutoFooter.m */; };
		687EE70720D8D84700062CA7 /* MJRefreshComponent.m in Sources */ = {isa = PBXBuildFile; fileRef = 687EE6F120D8D84700062CA7 /* MJRefreshComponent.m */; };
		687EE70A20D8D92500062CA7 /* TMRefreshHelper.m in Sources */ = {isa = PBXBuildFile; fileRef = 687EE70920D8D92500062CA7 /* TMRefreshHelper.m */; };
		687EE70D20D8D9AD00062CA7 /* PBMyViewModel.m in Sources */ = {isa = PBXBuildFile; fileRef = 687EE70C20D8D9AD00062CA7 /* PBMyViewModel.m */; };
		687EE71020D8DC0400062CA7 /* PBMyModel.m in Sources */ = {isa = PBXBuildFile; fileRef = 687EE70F20D8DC0400062CA7 /* PBMyModel.m */; };
/* End PBXBuildFile section */

/* Begin PBXFileReference section */
		687EE6A620D8D3AE00062CA7 /* mvvm.app */ = {isa = PBXFileReference; explicitFileType = wrapper.application; includeInIndex = 0; path = mvvm.app; sourceTree = BUILT_PRODUCTS_DIR; };
		687EE6A920D8D3AE00062CA7 /* AppDelegate.h */ = {isa = PBXFileReference; lastKnownFileType = sourcecode.c.h; path = AppDelegate.h; sourceTree = "<group>"; };
		687EE6AA20D8D3AE00062CA7 /* AppDelegate.m */ = {isa = PBXFileReference; lastKnownFileType = sourcecode.c.objc; path = AppDelegate.m; sourceTree = "<group>"; };
		687EE6AC20D8D3AE00062CA7 /* ViewController.h */ = {isa = PBXFileReference; lastKnownFileType = sourcecode.c.h; path = ViewController.h; sourceTree = "<group>"; };
		687EE6AD20D8D3AE00062CA7 /* ViewController.m */ = {isa = PBXFileReference; lastKnownFileType = sourcecode.c.objc; path = ViewController.m; sourceTree = "<group>"; };
		687EE6B020D8D3AE00062CA7 /* Base */ = {isa = PBXFileReference; lastKnownFileType = file.storyboard; name = Base; path = Base.lproj/Main.storyboard; sourceTree = "<group>"; };
		687EE6B220D8D3AF00062CA7 /* Assets.xcassets */ = {isa = PBXFileReference; lastKnownFileType = folder.assetcatalog; path = Assets.xcassets; sourceTree = "<group>"; };
		687EE6B520D8D3AF00062CA7 /* Base */ = {isa = PBXFileReference; lastKnownFileType = file.storyboard; name = Base; path = Base.lproj/LaunchScreen.storyboard; sourceTree = "<group>"; };
		687EE6B720D8D3AF00062CA7 /* Info.plist */ = {isa = PBXFileReference; lastKnownFileType = text.plist.xml; path = Info.plist; sourceTree = "<group>"; };
		687EE6B820D8D3AF00062CA7 /* main.m */ = {isa = PBXFileReference; lastKnownFileType = sourcecode.c.objc; path = main.m; sourceTree = "<group>"; };
		687EE6BF20D8D4EF00062CA7 /* PBTableViewDelegate.h */ = {isa = PBXFileReference; lastKnownFileType = sourcecode.c.h; path = PBTableViewDelegate.h; sourceTree = "<group>"; };
		687EE6C020D8D4EF00062CA7 /* PBTableViewDelegate.m */ = {isa = PBXFileReference; lastKnownFileType = sourcecode.c.objc; path = PBTableViewDelegate.m; sourceTree = "<group>"; };
		687EE6C220D8D73200062CA7 /* PBMyTableViewCell.h */ = {isa = PBXFileReference; lastKnownFileType = sourcecode.c.h; path = PBMyTableViewCell.h; sourceTree = "<group>"; };
		687EE6C320D8D73200062CA7 /* PBMyTableViewCell.m */ = {isa = PBXFileReference; lastKnownFileType = sourcecode.c.objc; path = PBMyTableViewCell.m; sourceTree = "<group>"; };
		687EE6C620D8D84700062CA7 /* UIScrollView+MJRefresh.m */ = {isa = PBXFileReference; fileEncoding = 4; lastKnownFileType = sourcecode.c.objc; path = "UIScrollView+MJRefresh.m"; sourceTree = "<group>"; };
		687EE6C720D8D84700062CA7 /* MJRefreshConst.m */ = {isa = PBXFileReference; fileEncoding = 4; lastKnownFileType = sourcecode.c.objc; path = MJRefreshConst.m; sourceTree = "<group>"; };
		687EE6C820D8D84700062CA7 /* UIScrollView+MJExtension.h */ = {isa = PBXFileReference; fileEncoding = 4; lastKnownFileType = sourcecode.c.h; path = "UIScrollView+MJExtension.h"; sourceTree = "<group>"; };
		687EE6C920D8D84700062CA7 /* MJRefresh.h */ = {isa = PBXFileReference; fileEncoding = 4; lastKnownFileType = sourcecode.c.h; path = MJRefresh.h; sourceTree = "<group>"; };
		687EE6CA20D8D84700062CA7 /* NSBundle+MJRefresh.h */ = {isa = PBXFileReference; fileEncoding = 4; lastKnownFileType = sourcecode.c.h; path = "NSBundle+MJRefresh.h"; sourceTree = "<group>"; };
		687EE6CB20D8D84700062CA7 /* MJRefresh.bundle */ = {isa = PBXFileReference; lastKnownFileType = "wrapper.plug-in"; path = MJRefresh.bundle; sourceTree = "<group>"; };
		687EE6CC20D8D84700062CA7 /* UIView+MJExtension.h */ = {isa = PBXFileReference; fileEncoding = 4; lastKnownFileType = sourcecode.c.h; path = "UIView+MJExtension.h"; sourceTree = "<group>"; };
		687EE6CD20D8D84700062CA7 /* UIScrollView+MJExtension.m */ = {isa = PBXFileReference; fileEncoding = 4; lastKnownFileType = sourcecode.c.objc; path = "UIScrollView+MJExtension.m"; sourceTree = "<group>"; };
		687EE6CE20D8D84700062CA7 /* MJRefreshConst.h */ = {isa = PBXFileReference; fileEncoding = 4; lastKnownFileType = sourcecode.c.h; path = MJRefreshConst.h; sourceTree = "<group>"; };
		687EE6CF20D8D84700062CA7 /* UIScrollView+MJRefresh.h */ = {isa = PBXFileReference; fileEncoding = 4; lastKnownFileType = sourcecode.c.h; path = "UIScrollView+MJRefresh.h"; sourceTree = "<group>"; };
		687EE6D020D8D84700062CA7 /* NSBundle+MJRefresh.m */ = {isa = PBXFileReference; fileEncoding = 4; lastKnownFileType = sourcecode.c.objc; path = "NSBundle+MJRefresh.m"; sourceTree = "<group>"; };
		687EE6D120D8D84700062CA7 /* UIView+MJExtension.m */ = {isa = PBXFileReference; fileEncoding = 4; lastKnownFileType = sourcecode.c.objc; path = "UIView+MJExtension.m"; sourceTree = "<group>"; };
		687EE6D520D8D84700062CA7 /* MJRefreshBackGifFooter.h */ = {isa = PBXFileReference; fileEncoding = 4; lastKnownFileType = sourcecode.c.h; path = MJRefreshBackGifFooter.h; sourceTree = "<group>"; };
		687EE6D620D8D84700062CA7 /* MJRefreshBackStateFooter.h */ = {isa = PBXFileReference; fileEncoding = 4; lastKnownFileType = sourcecode.c.h; path = MJRefreshBackStateFooter.h; sourceTree = "<group>"; };
		687EE6D720D8D84700062CA7 /* MJRefreshBackNormalFooter.h */ = {isa = PBXFileReference; fileEncoding = 4; lastKnownFileType = sourcecode.c.h; path = MJRefreshBackNormalFooter.h; sourceTree = "<group>"; };
		687EE6D820D8D84700062CA7 /* MJRefreshBackGifFooter.m */ = {isa = PBXFileReference; fileEncoding = 4; lastKnownFileType = sourcecode.c.objc; path = MJRefreshBackGifFooter.m; sourceTree = "<group>"; };
		687EE6D920D8D84700062CA7 /* MJRefreshBackStateFooter.m */ = {isa = PBXFileReference; fileEncoding = 4; lastKnownFileType = sourcecode.c.objc; path = MJRefreshBackStateFooter.m; sourceTree = "<group>"; };
		687EE6DA20D8D84700062CA7 /* MJRefreshBackNormalFooter.m */ = {isa = PBXFileReference; fileEncoding = 4; lastKnownFileType = sourcecode.c.objc; path = MJRefreshBackNormalFooter.m; sourceTree = "<group>"; };
		687EE6DC20D8D84700062CA7 /* MJRefreshAutoStateFooter.h */ = {isa = PBXFileReference; fileEncoding = 4; lastKnownFileType = sourcecode.c.h; path = MJRefreshAutoStateFooter.h; sourceTree = "<group>"; };
		687EE6DD20D8D84700062CA7 /* MJRefreshAutoNormalFooter.h */ = {isa = PBXFileReference; fileEncoding = 4; lastKnownFileType = sourcecode.c.h; path = MJRefreshAutoNormalFooter.h; sourceTree = "<group>"; };
		687EE6DE20D8D84700062CA7 /* MJRefreshAutoGifFooter.h */ = {isa = PBXFileReference; fileEncoding = 4; lastKnownFileType = sourcecode.c.h; path = MJRefreshAutoGifFooter.h; sourceTree = "<group>"; };
		687EE6DF20D8D84700062CA7 /* MJRefreshAutoStateFooter.m */ = {isa = PBXFileReference; fileEncoding = 4; lastKnownFileType = sourcecode.c.objc; path = MJRefreshAutoStateFooter.m; sourceTree = "<group>"; };
		687EE6E020D8D84700062CA7 /* MJRefreshAutoGifFooter.m */ = {isa = PBXFileReference; fileEncoding = 4; lastKnownFileType = sourcecode.c.objc; path = MJRefreshAutoGifFooter.m; sourceTree = "<group>"; };
		687EE6E120D8D84700062CA7 /* MJRefreshAutoNormalFooter.m */ = {isa = PBXFileReference; fileEncoding = 4; lastKnownFileType = sourcecode.c.objc; path = MJRefreshAutoNormalFooter.m; sourceTree = "<group>"; };
		687EE6E320D8D84700062CA7 /* MJRefreshNormalHeader.m */ = {isa = PBXFileReference; fileEncoding = 4; lastKnownFileType = sourcecode.c.objc; path = MJRefreshNormalHeader.m; sourceTree = "<group>"; };
		687EE6E420D8D84700062CA7 /* MJRefreshStateHeader.h */ = {isa = PBXFileReference; fileEncoding = 4; lastKnownFileType = sourcecode.c.h; path = MJRefreshStateHeader.h; sourceTree = "<group>"; };
		687EE6E520D8D84700062CA7 /* MJRefreshGifHeader.h */ = {isa = PBXFileReference; fileEncoding = 4; lastKnownFileType = sourcecode.c.h; path = MJRefreshGifHeader.h; sourceTree = "<group>"; };
		687EE6E620D8D84700062CA7 /* MJRefreshNormalHeader.h */ = {isa = PBXFileReference; fileEncoding = 4; lastKnownFileType = sourcecode.c.h; path = MJRefreshNormalHeader.h; sourceTree = "<group>"; };
		687EE6E720D8D84700062CA7 /* MJRefreshStateHeader.m */ = {isa = PBXFileReference; fileEncoding = 4; lastKnownFileType = sourcecode.c.objc; path = MJRefreshStateHeader.m; sourceTree = "<group>"; };
		687EE6E820D8D84700062CA7 /* MJRefreshGifHeader.m */ = {isa = PBXFileReference; fileEncoding = 4; lastKnownFileType = sourcecode.c.objc; path = MJRefreshGifHeader.m; sourceTree = "<group>"; };
		687EE6EA20D8D84700062CA7 /* MJRefreshFooter.m */ = {isa = PBXFileReference; fileEncoding = 4; lastKnownFileType = sourcecode.c.objc; path = MJRefreshFooter.m; sourceTree = "<group>"; };
		687EE6EB20D8D84700062CA7 /* MJRefreshComponent.h */ = {isa = PBXFileReference; fileEncoding = 4; lastKnownFileType = sourcecode.c.h; path = MJRefreshComponent.h; sourceTree = "<group>"; };
		687EE6EC20D8D84700062CA7 /* MJRefreshHeader.m */ = {isa = PBXFileReference; fileEncoding = 4; lastKnownFileType = sourcecode.c.objc; path = MJRefreshHeader.m; sourceTree = "<group>"; };
		687EE6ED20D8D84700062CA7 /* MJRefreshAutoFooter.h */ = {isa = PBXFileReference; fileEncoding = 4; lastKnownFileType = sourcecode.c.h; path = MJRefreshAutoFooter.h; sourceTree = "<group>"; };
		687EE6EE20D8D84700062CA7 /* MJRefreshBackFooter.m */ = {isa = PBXFileReference; fileEncoding = 4; lastKnownFileType = sourcecode.c.objc; path = MJRefreshBackFooter.m; sourceTree = "<group>"; };
		687EE6EF20D8D84700062CA7 /* MJRefreshAutoFooter.m */ = {isa = PBXFileReference; fileEncoding = 4; lastKnownFileType = sourcecode.c.objc; path = MJRefreshAutoFooter.m; sourceTree = "<group>"; };
		687EE6F020D8D84700062CA7 /* MJRefreshHeader.h */ = {isa = PBXFileReference; fileEncoding = 4; lastKnownFileType = sourcecode.c.h; path = MJRefreshHeader.h; sourceTree = "<group>"; };
		687EE6F120D8D84700062CA7 /* MJRefreshComponent.m */ = {isa = PBXFileReference; fileEncoding = 4; lastKnownFileType = sourcecode.c.objc; path = MJRefreshComponent.m; sourceTree = "<group>"; };
		687EE6F220D8D84700062CA7 /* MJRefreshFooter.h */ = {isa = PBXFileReference; fileEncoding = 4; lastKnownFileType = sourcecode.c.h; path = MJRefreshFooter.h; sourceTree = "<group>"; };
		687EE6F320D8D84700062CA7 /* MJRefreshBackFooter.h */ = {isa = PBXFileReference; fileEncoding = 4; lastKnownFileType = sourcecode.c.h; path = MJRefreshBackFooter.h; sourceTree = "<group>"; };
		687EE70820D8D92500062CA7 /* TMRefreshHelper.h */ = {isa = PBXFileReference; fileEncoding = 4; lastKnownFileType = sourcecode.c.h; path = TMRefreshHelper.h; sourceTree = "<group>"; };
		687EE70920D8D92500062CA7 /* TMRefreshHelper.m */ = {isa = PBXFileReference; fileEncoding = 4; lastKnownFileType = sourcecode.c.objc; path = TMRefreshHelper.m; sourceTree = "<group>"; };
		687EE70B20D8D9AD00062CA7 /* PBMyViewModel.h */ = {isa = PBXFileReference; lastKnownFileType = sourcecode.c.h; path = PBMyViewModel.h; sourceTree = "<group>"; };
		687EE70C20D8D9AD00062CA7 /* PBMyViewModel.m */ = {isa = PBXFileReference; lastKnownFileType = sourcecode.c.objc; path = PBMyViewModel.m; sourceTree = "<group>"; };
		687EE70E20D8DC0400062CA7 /* PBMyModel.h */ = {isa = PBXFileReference; lastKnownFileType = sourcecode.c.h; path = PBMyModel.h; sourceTree = "<group>"; };
		687EE70F20D8DC0400062CA7 /* PBMyModel.m */ = {isa = PBXFileReference; lastKnownFileType = sourcecode.c.objc; path = PBMyModel.m; sourceTree = "<group>"; };
/* End PBXFileReference section */

/* Begin PBXFrameworksBuildPhase section */
		687EE6A320D8D3AE00062CA7 /* Frameworks */ = {
			isa = PBXFrameworksBuildPhase;
			buildActionMask = 2147483647;
			files = (
			);
			runOnlyForDeploymentPostprocessing = 0;
		};
/* End PBXFrameworksBuildPhase section */

/* Begin PBXGroup section */
		687EE69D20D8D3AE00062CA7 = {
			isa = PBXGroup;
			children = (
				687EE6A820D8D3AE00062CA7 /* mvvm */,
				687EE6A720D8D3AE00062CA7 /* Products */,
			);
			sourceTree = "<group>";
		};
		687EE6A720D8D3AE00062CA7 /* Products */ = {
			isa = PBXGroup;
			children = (
				687EE6A620D8D3AE00062CA7 /* mvvm.app */,
			);
			name = Products;
			sourceTree = "<group>";
		};
		687EE6A820D8D3AE00062CA7 /* mvvm */ = {
			isa = PBXGroup;
			children = (
				687EE6C520D8D84700062CA7 /* MJRefresh */,
				687EE71620D8DED600062CA7 /* helper */,
				687EE71120D8DE8800062CA7 /* Controller */,
				687EE71520D8DEB600062CA7 /* Model */,
				687EE71320D8DEA700062CA7 /* View */,
				687EE71420D8DEAE00062CA7 /* ViewModel */,
				687EE71220D8DE9500062CA7 /* TableViewProtocol */,
				687EE6A920D8D3AE00062CA7 /* AppDelegate.h */,
				687EE6AA20D8D3AE00062CA7 /* AppDelegate.m */,
				687EE6AF20D8D3AE00062CA7 /* Main.storyboard */,
				687EE6B220D8D3AF00062CA7 /* Assets.xcassets */,
				687EE6B420D8D3AF00062CA7 /* LaunchScreen.storyboard */,
				687EE6B720D8D3AF00062CA7 /* Info.plist */,
				687EE6B820D8D3AF00062CA7 /* main.m */,
			);
			path = mvvm;
			sourceTree = "<group>";
		};
		687EE6C520D8D84700062CA7 /* MJRefresh */ = {
			isa = PBXGroup;
			children = (
				687EE6C620D8D84700062CA7 /* UIScrollView+MJRefresh.m */,
				687EE6C720D8D84700062CA7 /* MJRefreshConst.m */,
				687EE6C820D8D84700062CA7 /* UIScrollView+MJExtension.h */,
				687EE6C920D8D84700062CA7 /* MJRefresh.h */,
				687EE6CA20D8D84700062CA7 /* NSBundle+MJRefresh.h */,
				687EE6CB20D8D84700062CA7 /* MJRefresh.bundle */,
				687EE6CC20D8D84700062CA7 /* UIView+MJExtension.h */,
				687EE6CD20D8D84700062CA7 /* UIScrollView+MJExtension.m */,
				687EE6CE20D8D84700062CA7 /* MJRefreshConst.h */,
				687EE6CF20D8D84700062CA7 /* UIScrollView+MJRefresh.h */,
				687EE6D020D8D84700062CA7 /* NSBundle+MJRefresh.m */,
				687EE6D120D8D84700062CA7 /* UIView+MJExtension.m */,
				687EE6D220D8D84700062CA7 /* Custom */,
				687EE6E920D8D84700062CA7 /* Base */,
			);
			path = MJRefresh;
			sourceTree = "<group>";
		};
		687EE6D220D8D84700062CA7 /* Custom */ = {
			isa = PBXGroup;
			children = (
				687EE6D320D8D84700062CA7 /* Footer */,
				687EE6E220D8D84700062CA7 /* Header */,
			);
			path = Custom;
			sourceTree = "<group>";
		};
		687EE6D320D8D84700062CA7 /* Footer */ = {
			isa = PBXGroup;
			children = (
				687EE6D420D8D84700062CA7 /* Back */,
				687EE6DB20D8D84700062CA7 /* Auto */,
			);
			path = Footer;
			sourceTree = "<group>";
		};
		687EE6D420D8D84700062CA7 /* Back */ = {
			isa = PBXGroup;
			children = (
				687EE6D520D8D84700062CA7 /* MJRefreshBackGifFooter.h */,
				687EE6D620D8D84700062CA7 /* MJRefreshBackStateFooter.h */,
				687EE6D720D8D84700062CA7 /* MJRefreshBackNormalFooter.h */,
				687EE6D820D8D84700062CA7 /* MJRefreshBackGifFooter.m */,
				687EE6D920D8D84700062CA7 /* MJRefreshBackStateFooter.m */,
				687EE6DA20D8D84700062CA7 /* MJRefreshBackNormalFooter.m */,
			);
			path = Back;
			sourceTree = "<group>";
		};
		687EE6DB20D8D84700062CA7 /* Auto */ = {
			isa = PBXGroup;
			children = (
				687EE6DC20D8D84700062CA7 /* MJRefreshAutoStateFooter.h */,
				687EE6DD20D8D84700062CA7 /* MJRefreshAutoNormalFooter.h */,
				687EE6DE20D8D84700062CA7 /* MJRefreshAutoGifFooter.h */,
				687EE6DF20D8D84700062CA7 /* MJRefreshAutoStateFooter.m */,
				687EE6E020D8D84700062CA7 /* MJRefreshAutoGifFooter.m */,
				687EE6E120D8D84700062CA7 /* MJRefreshAutoNormalFooter.m */,
			);
			path = Auto;
			sourceTree = "<group>";
		};
		687EE6E220D8D84700062CA7 /* Header */ = {
			isa = PBXGroup;
			children = (
				687EE6E320D8D84700062CA7 /* MJRefreshNormalHeader.m */,
				687EE6E420D8D84700062CA7 /* MJRefreshStateHeader.h */,
				687EE6E520D8D84700062CA7 /* MJRefreshGifHeader.h */,
				687EE6E620D8D84700062CA7 /* MJRefreshNormalHeader.h */,
				687EE6E720D8D84700062CA7 /* MJRefreshStateHeader.m */,
				687EE6E820D8D84700062CA7 /* MJRefreshGifHeader.m */,
			);
			path = Header;
			sourceTree = "<group>";
		};
		687EE6E920D8D84700062CA7 /* Base */ = {
			isa = PBXGroup;
			children = (
				687EE6EA20D8D84700062CA7 /* MJRefreshFooter.m */,
				687EE6EB20D8D84700062CA7 /* MJRefreshComponent.h */,
				687EE6EC20D8D84700062CA7 /* MJRefreshHeader.m */,
				687EE6ED20D8D84700062CA7 /* MJRefreshAutoFooter.h */,
				687EE6EE20D8D84700062CA7 /* MJRefreshBackFooter.m */,
				687EE6EF20D8D84700062CA7 /* MJRefreshAutoFooter.m */,
				687EE6F020D8D84700062CA7 /* MJRefreshHeader.h */,
				687EE6F120D8D84700062CA7 /* MJRefreshComponent.m */,
				687EE6F220D8D84700062CA7 /* MJRefreshFooter.h */,
				687EE6F320D8D84700062CA7 /* MJRefreshBackFooter.h */,
			);
			path = Base;
			sourceTree = "<group>";
		};
		687EE71120D8DE8800062CA7 /* Controller */ = {
			isa = PBXGroup;
			children = (
				687EE6AC20D8D3AE00062CA7 /* ViewController.h */,
				687EE6AD20D8D3AE00062CA7 /* ViewController.m */,
			);
			path = Controller;
			sourceTree = "<group>";
		};
		687EE71220D8DE9500062CA7 /* TableViewProtocol */ = {
			isa = PBXGroup;
			children = (
				687EE6BF20D8D4EF00062CA7 /* PBTableViewDelegate.h */,
				687EE6C020D8D4EF00062CA7 /* PBTableViewDelegate.m */,
			);
			path = TableViewProtocol;
			sourceTree = "<group>";
		};
		687EE71320D8DEA700062CA7 /* View */ = {
			isa = PBXGroup;
			children = (
				687EE6C220D8D73200062CA7 /* PBMyTableViewCell.h */,
				687EE6C320D8D73200062CA7 /* PBMyTableViewCell.m */,
			);
			path = View;
			sourceTree = "<group>";
		};
		687EE71420D8DEAE00062CA7 /* ViewModel */ = {
			isa = PBXGroup;
			children = (
				687EE70B20D8D9AD00062CA7 /* PBMyViewModel.h */,
				687EE70C20D8D9AD00062CA7 /* PBMyViewModel.m */,
			);
			path = ViewModel;
			sourceTree = "<group>";
		};
		687EE71520D8DEB600062CA7 /* Model */ = {
			isa = PBXGroup;
			children = (
				687EE70E20D8DC0400062CA7 /* PBMyModel.h */,
				687EE70F20D8DC0400062CA7 /* PBMyModel.m */,
			);
			path = Model;
			sourceTree = "<group>";
		};
		687EE71620D8DED600062CA7 /* helper */ = {
			isa = PBXGroup;
			children = (
				687EE70820D8D92500062CA7 /* TMRefreshHelper.h */,
				687EE70920D8D92500062CA7 /* TMRefreshHelper.m */,
			);
			path = helper;
			sourceTree = "<group>";
		};
/* End PBXGroup section */

/* Begin PBXNativeTarget section */
		687EE6A520D8D3AE00062CA7 /* mvvm */ = {
			isa = PBXNativeTarget;
			buildConfigurationList = 687EE6BC20D8D3AF00062CA7 /* Build configuration list for PBXNativeTarget "mvvm" */;
			buildPhases = (
				687EE6A220D8D3AE00062CA7 /* Sources */,
				687EE6A320D8D3AE00062CA7 /* Frameworks */,
				687EE6A420D8D3AE00062CA7 /* Resources */,
			);
			buildRules = (
			);
			dependencies = (
			);
			name = mvvm;
			productName = mvvm;
			productReference = 687EE6A620D8D3AE00062CA7 /* mvvm.app */;
			productType = "com.apple.product-type.application";
		};
/* End PBXNativeTarget section */

/* Begin PBXProject section */
		687EE69E20D8D3AE00062CA7 /* Project object */ = {
			isa = PBXProject;
			attributes = {
				LastUpgradeCheck = 0940;
				ORGANIZATIONNAME = Playboy;
				TargetAttributes = {
					687EE6A520D8D3AE00062CA7 = {
						CreatedOnToolsVersion = 9.4;
					};
				};
			};
			buildConfigurationList = 687EE6A120D8D3AE00062CA7 /* Build configuration list for PBXProject "mvvm" */;
			compatibilityVersion = "Xcode 9.3";
			developmentRegion = en;
			hasScannedForEncodings = 0;
			knownRegions = (
				en,
				Base,
			);
			mainGroup = 687EE69D20D8D3AE00062CA7;
			productRefGroup = 687EE6A720D8D3AE00062CA7 /* Products */;
			projectDirPath = "";
			projectRoot = "";
			targets = (
				687EE6A520D8D3AE00062CA7 /* mvvm */,
			);
		};
/* End PBXProject section */

/* Begin PBXResourcesBuildPhase section */
		687EE6A420D8D3AE00062CA7 /* Resources */ = {
			isa = PBXResourcesBuildPhase;
			buildActionMask = 2147483647;
			files = (
				687EE6B620D8D3AF00062CA7 /* LaunchScreen.storyboard in Resources */,
				687EE6B320D8D3AF00062CA7 /* Assets.xcassets in Resources */,
				687EE6F620D8D84700062CA7 /* MJRefresh.bundle in Resources */,
				687EE6B120D8D3AE00062CA7 /* Main.storyboard in Resources */,
			);
			runOnlyForDeploymentPostprocessing = 0;
		};
/* End PBXResourcesBuildPhase section */

/* Begin PBXSourcesBuildPhase section */
		687EE6A220D8D3AE00062CA7 /* Sources */ = {
			isa = PBXSourcesBuildPhase;
			buildActionMask = 2147483647;
			files = (
				687EE6C120D8D4EF00062CA7 /* PBTableViewDelegate.m in Sources */,
				687EE6F920D8D84700062CA7 /* UIView+MJExtension.m in Sources */,
				687EE6FD20D8D84700062CA7 /* MJRefreshAutoStateFooter.m in Sources */,
				687EE6F820D8D84700062CA7 /* NSBundle+MJRefresh.m in Sources */,
				687EE70D20D8D9AD00062CA7 /* PBMyViewModel.m in Sources */,
				687EE6AE20D8D3AE00062CA7 /* ViewController.m in Sources */,
				687EE6F420D8D84700062CA7 /* UIScrollView+MJRefresh.m in Sources */,
				687EE6FA20D8D84700062CA7 /* MJRefreshBackGifFooter.m in Sources */,
				687EE70A20D8D92500062CA7 /* TMRefreshHelper.m in Sources */,
				687EE6FE20D8D84700062CA7 /* MJRefreshAutoGifFooter.m in Sources */,
				687EE70720D8D84700062CA7 /* MJRefreshComponent.m in Sources */,
				687EE6F520D8D84700062CA7 /* MJRefreshConst.m in Sources */,
				687EE70320D8D84700062CA7 /* MJRefreshFooter.m in Sources */,
				687EE70420D8D84700062CA7 /* MJRefreshHeader.m in Sources */,
				687EE6F720D8D84700062CA7 /* UIScrollView+MJExtension.m in Sources */,
				687EE6FB20D8D84700062CA7 /* MJRefreshBackStateFooter.m in Sources */,
				687EE70220D8D84700062CA7 /* MJRefreshGifHeader.m in Sources */,
				687EE70520D8D84700062CA7 /* MJRefreshBackFooter.m in Sources */,
				687EE6B920D8D3AF00062CA7 /* main.m in Sources */,
				687EE71020D8DC0400062CA7 /* PBMyModel.m in Sources */,
				687EE70020D8D84700062CA7 /* MJRefreshNormalHeader.m in Sources */,
				687EE70120D8D84700062CA7 /* MJRefreshStateHeader.m in Sources */,
				687EE70620D8D84700062CA7 /* MJRefreshAutoFooter.m in Sources */,
				687EE6AB20D8D3AE00062CA7 /* AppDelegate.m in Sources */,
				687EE6FF20D8D84700062CA7 /* MJRefreshAutoNormalFooter.m in Sources */,
				687EE6FC20D8D84700062CA7 /* MJRefreshBackNormalFooter.m in Sources */,
				687EE6C420D8D73200062CA7 /* PBMyTableViewCell.m in Sources */,
			);
			runOnlyForDeploymentPostprocessing = 0;
		};
/* End PBXSourcesBuildPhase section */

/* Begin PBXVariantGroup section */
		687EE6AF20D8D3AE00062CA7 /* Main.storyboard */ = {
			isa = PBXVariantGroup;
			children = (
				687EE6B020D8D3AE00062CA7 /* Base */,
			);
			name = Main.storyboard;
			sourceTree = "<group>";
		};
		687EE6B420D8D3AF00062CA7 /* LaunchScreen.storyboard */ = {
			isa = PBXVariantGroup;
			children = (
				687EE6B520D8D3AF00062CA7 /* Base */,
			);
			name = LaunchScreen.storyboard;
			sourceTree = "<group>";
		};
/* End PBXVariantGroup section */

/* Begin XCBuildConfiguration section */
		687EE6BA20D8D3AF00062CA7 /* Debug */ = {
			isa = XCBuildConfiguration;
			buildSettings = {
				ALWAYS_SEARCH_USER_PATHS = NO;
				CLANG_ANALYZER_NONNULL = YES;
				CLANG_ANALYZER_NUMBER_OBJECT_CONVERSION = YES_AGGRESSIVE;
				CLANG_CXX_LANGUAGE_STANDARD = "gnu++14";
				CLANG_CXX_LIBRARY = "libc++";
				CLANG_ENABLE_MODULES = YES;
				CLANG_ENABLE_OBJC_ARC = YES;
				CLANG_ENABLE_OBJC_WEAK = YES;
				CLANG_WARN_BLOCK_CAPTURE_AUTORELEASING = YES;
				CLANG_WARN_BOOL_CONVERSION = YES;
				CLANG_WARN_COMMA = YES;
				CLANG_WARN_CONSTANT_CONVERSION = YES;
				CLANG_WARN_DEPRECATED_OBJC_IMPLEMENTATIONS = YES;
				CLANG_WARN_DIRECT_OBJC_ISA_USAGE = YES_ERROR;
				CLANG_WARN_DOCUMENTATION_COMMENTS = YES;
				CLANG_WARN_EMPTY_BODY = YES;
				CLANG_WARN_ENUM_CONVERSION = YES;
				CLANG_WARN_INFINITE_RECURSION = YES;
				CLANG_WARN_INT_CONVERSION = YES;
				CLANG_WARN_NON_LITERAL_NULL_CONVERSION = YES;
				CLANG_WARN_OBJC_IMPLICIT_RETAIN_SELF = YES;
				CLANG_WARN_OBJC_LITERAL_CONVERSION = YES;
				CLANG_WARN_OBJC_ROOT_CLASS = YES_ERROR;
				CLANG_WARN_RANGE_LOOP_ANALYSIS = YES;
				CLANG_WARN_STRICT_PROTOTYPES = YES;
				CLANG_WARN_SUSPICIOUS_MOVE = YES;
				CLANG_WARN_UNGUARDED_AVAILABILITY = YES_AGGRESSIVE;
				CLANG_WARN_UNREACHABLE_CODE = YES;
				CLANG_WARN__DUPLICATE_METHOD_MATCH = YES;
				CODE_SIGN_IDENTITY = "iPhone Developer";
				COPY_PHASE_STRIP = NO;
				DEBUG_INFORMATION_FORMAT = dwarf;
				ENABLE_STRICT_OBJC_MSGSEND = YES;
				ENABLE_TESTABILITY = YES;
				GCC_C_LANGUAGE_STANDARD = gnu11;
				GCC_DYNAMIC_NO_PIC = NO;
				GCC_NO_COMMON_BLOCKS = YES;
				GCC_OPTIMIZATION_LEVEL = 0;
				GCC_PREPROCESSOR_DEFINITIONS = (
					"DEBUG=1",
					"$(inherited)",
				);
				GCC_WARN_64_TO_32_BIT_CONVERSION = YES;
				GCC_WARN_ABOUT_RETURN_TYPE = YES_ERROR;
				GCC_WARN_UNDECLARED_SELECTOR = YES;
				GCC_WARN_UNINITIALIZED_AUTOS = YES_AGGRESSIVE;
				GCC_WARN_UNUSED_FUNCTION = YES;
				GCC_WARN_UNUSED_VARIABLE = YES;
				IPHONEOS_DEPLOYMENT_TARGET = 11.4;
				MTL_ENABLE_DEBUG_INFO = YES;
				ONLY_ACTIVE_ARCH = YES;
				SDKROOT = iphoneos;
			};
			name = Debug;
		};
		687EE6BB20D8D3AF00062CA7 /* Release */ = {
			isa = XCBuildConfiguration;
			buildSettings = {
				ALWAYS_SEARCH_USER_PATHS = NO;
				CLANG_ANALYZER_NONNULL = YES;
				CLANG_ANALYZER_NUMBER_OBJECT_CONVERSION = YES_AGGRESSIVE;
				CLANG_CXX_LANGUAGE_STANDARD = "gnu++14";
				CLANG_CXX_LIBRARY = "libc++";
				CLANG_ENABLE_MODULES = YES;
				CLANG_ENABLE_OBJC_ARC = YES;
				CLANG_ENABLE_OBJC_WEAK = YES;
				CLANG_WARN_BLOCK_CAPTURE_AUTORELEASING = YES;
				CLANG_WARN_BOOL_CONVERSION = YES;
				CLANG_WARN_COMMA = YES;
				CLANG_WARN_CONSTANT_CONVERSION = YES;
				CLANG_WARN_DEPRECATED_OBJC_IMPLEMENTATIONS = YES;
				CLANG_WARN_DIRECT_OBJC_ISA_USAGE = YES_ERROR;
				CLANG_WARN_DOCUMENTATION_COMMENTS = YES;
				CLANG_WARN_EMPTY_BODY = YES;
				CLANG_WARN_ENUM_CONVERSION = YES;
				CLANG_WARN_INFINITE_RECURSION = YES;
				CLANG_WARN_INT_CONVERSION = YES;
				CLANG_WARN_NON_LITERAL_NULL_CONVERSION = YES;
				CLANG_WARN_OBJC_IMPLICIT_RETAIN_SELF = YES;
				CLANG_WARN_OBJC_LITERAL_CONVERSION = YES;
				CLANG_WARN_OBJC_ROOT_CLASS = YES_ERROR;
				CLANG_WARN_RANGE_LOOP_ANALYSIS = YES;
				CLANG_WARN_STRICT_PROTOTYPES = YES;
				CLANG_WARN_SUSPICIOUS_MOVE = YES;
				CLANG_WARN_UNGUARDED_AVAILABILITY = YES_AGGRESSIVE;
				CLANG_WARN_UNREACHABLE_CODE = YES;
				CLANG_WARN__DUPLICATE_METHOD_MATCH = YES;
				CODE_SIGN_IDENTITY = "iPhone Developer";
				COPY_PHASE_STRIP = NO;
				DEBUG_INFORMATION_FORMAT = "dwarf-with-dsym";
				ENABLE_NS_ASSERTIONS = NO;
				ENABLE_STRICT_OBJC_MSGSEND = YES;
				GCC_C_LANGUAGE_STANDARD = gnu11;
				GCC_NO_COMMON_BLOCKS = YES;
				GCC_WARN_64_TO_32_BIT_CONVERSION = YES;
				GCC_WARN_ABOUT_RETURN_TYPE = YES_ERROR;
				GCC_WARN_UNDECLARED_SELECTOR = YES;
				GCC_WARN_UNINITIALIZED_AUTOS = YES_AGGRESSIVE;
				GCC_WARN_UNUSED_FUNCTION = YES;
				GCC_WARN_UNUSED_VARIABLE = YES;
				IPHONEOS_DEPLOYMENT_TARGET = 11.4;
				MTL_ENABLE_DEBUG_INFO = NO;
				SDKROOT = iphoneos;
				VALIDATE_PRODUCT = YES;
			};
			name = Release;
		};
		687EE6BD20D8D3AF00062CA7 /* Debug */ = {
			isa = XCBuildConfiguration;
			buildSettings = {
				ASSETCATALOG_COMPILER_APPICON_NAME = AppIcon;
				CODE_SIGN_STYLE = Automatic;
				DEVELOPMENT_TEAM = 9HS8G68RZG;
				INFOPLIST_FILE = mvvm/Info.plist;
				IPHONEOS_DEPLOYMENT_TARGET = 11.0;
				LD_RUNPATH_SEARCH_PATHS = (
					"$(inherited)",
					"@executable_path/Frameworks",
				);
				PRODUCT_BUNDLE_IDENTIFIER = tmkj.mvvm;
				PRODUCT_NAME = "$(TARGET_NAME)";
				TARGETED_DEVICE_FAMILY = 1;
			};
			name = Debug;
		};
		687EE6BE20D8D3AF00062CA7 /* Release */ = {
			isa = XCBuildConfiguration;
			buildSettings = {
				ASSETCATALOG_COMPILER_APPICON_NAME = AppIcon;
				CODE_SIGN_STYLE = Automatic;
				DEVELOPMENT_TEAM = 9HS8G68RZG;
				INFOPLIST_FILE = mvvm/Info.plist;
				IPHONEOS_DEPLOYMENT_TARGET = 11.0;
				LD_RUNPATH_SEARCH_PATHS = (
					"$(inherited)",
					"@executable_path/Frameworks",
				);
				PRODUCT_BUNDLE_IDENTIFIER = tmkj.mvvm;
				PRODUCT_NAME = "$(TARGET_NAME)";
				TARGETED_DEVICE_FAMILY = 1;
			};
			name = Release;
		};
/* End XCBuildConfiguration section */

/* Begin XCConfigurationList section */
		687EE6A120D8D3AE00062CA7 /* Build configuration list for PBXProject "mvvm" */ = {
			isa = XCConfigurationList;
			buildConfigurations = (
				687EE6BA20D8D3AF00062CA7 /* Debug */,
				687EE6BB20D8D3AF00062CA7 /* Release */,
			);
			defaultConfigurationIsVisible = 0;
			defaultConfigurationName = Release;
		};
		687EE6BC20D8D3AF00062CA7 /* Build configuration list for PBXNativeTarget "mvvm" */ = {
			isa = XCConfigurationList;
			buildConfigurations = (
				687EE6BD20D8D3AF00062CA7 /* Debug */,
				687EE6BE20D8D3AF00062CA7 /* Release */,
			);
			defaultConfigurationIsVisible = 0;
			defaultConfigurationName = Release;
		};
/* End XCConfigurationList section */
	};
	rootObject = 687EE69E20D8D3AE00062CA7 /* Project object */;
}
